
Microsoft Visual Studio Solution File, Format Version 12.00
# Visual Studio Version 17
VisualStudioVersion = 17.1.32407.343
MinimumVisualStudioVersion = 10.0.40219.1
Project("{9A19103F-16F7-4668-BE54-9A1E7A4F7556}") = "Mall", "Mall\Mall.csproj", "{36C68BDB-E9D9-413C-A17A-EE0F10F3BF9A}"
EndProject
Project("{FAE04EC0-301F-11D3-BF4B-00C04F79EFBC}") = "Mall.Test", "Mall.Test\Mall.Test.csproj", "{3C79E9AC-3E94-4C8D-B558-FDB987CC9A89}"
EndProject
Global
	GlobalSection(SolutionConfigurationPlatforms) = preSolution
		Debug|Any CPU = Debug|Any CPU
		Release|Any CPU = Release|Any CPU
	EndGlobalSection
	GlobalSection(ProjectConfigurationPlatforms) = postSolution
		{36C68BDB-E9D9-413C-A17A-EE0F10F3BF9A}.Debug|Any CPU.ActiveCfg = Debug|Any CPU
		{36C68BDB-E9D9-413C-A17A-EE0F10F3BF9A}.Debug|Any CPU.Build.0 = Debug|Any CPU
		{36C68BDB-E9D9-413C-A17A-EE0F10F3BF9A}.Release|Any CPU.ActiveCfg = Release|Any CPU
		{36C68BDB-E9D9-413C-A17A-EE0F10F3BF9A}.Release|Any CPU.Build.0 = Release|Any CPU
		{3C79E9AC-3E94-4C8D-B558-FDB987CC9A89}.Debug|Any CPU.ActiveCfg = Debug|Any CPU
		{3C79E9AC-3E94-4C8D-B558-FDB987CC9A89}.Debug|Any CPU.Build.0 = Debug|Any CPU
		{3C79E9AC-3E94-4C8D-B558-FDB987CC9A89}.Release|Any CPU.ActiveCfg = Release|Any CPU
		{3C79E9AC-3E94-4C8D-B558-FDB987CC9A89}.Release|Any CPU.Build.0 = Release|Any CPU
	EndGlobalSection
	GlobalSection(SolutionProperties) = preSolution
		HideSolutionNode = FALSE
	EndGlobalSection
	GlobalSection(ExtensibilityGlobals) = postSolution
		SolutionGuid = {6413ED2C-4BDB-4679-800B-2786C47FC1D7}
	EndGlobalSection
EndGlobal
