
Microsoft Visual Studio Solution File, Format Version 12.00
# Visual Studio Version 16
VisualStudioVersion = 16.0.31205.134
MinimumVisualStudioVersion = 10.0.40219.1
Project("{FAE04EC0-301F-11D3-BF4B-00C04F79EFBC}") = "Mall", "Mall\Mall.csproj", "{36C68BDB-E9D9-413C-A17A-EE0F10F3BF9A}"
EndProject
Global
	GlobalSection(SolutionConfigurationPlatforms) = preSolution
		Debug|Any CPU = Debug|Any CPU
		Release|Any CPU = Release|Any CPU
	EndGlobalSection
	GlobalSection(ProjectConfigurationPlatforms) = postSolution
		{36C68BDB-E9D9-413C-A17A-EE0F10F3BF9A}.Debug|Any CPU.ActiveCfg = Debug|Any CPU
		{36C68BDB-E9D9-413C-A17A-EE0F10F3BF9A}.Debug|Any CPU.Build.0 = Debug|Any CPU
		{36C68BDB-E9D9-413C-A17A-EE0F10F3BF9A}.Release|Any CPU.ActiveCfg = Release|Any CPU
		{36C68BDB-E9D9-413C-A17A-EE0F10F3BF9A}.Release|Any CPU.Build.0 = Release|Any CPU
	EndGlobalSection
	GlobalSection(SolutionProperties) = preSolution
		HideSolutionNode = FALSE
	EndGlobalSection
	GlobalSection(ExtensibilityGlobals) = postSolution
		SolutionGuid = {6413ED2C-4BDB-4679-800B-2786C47FC1D7}
	EndGlobalSection
EndGlobal
